
Microsoft Visual Studio Solution File, Format Version 12.00
# Visual Studio Version 17
VisualStudioVersion = 17.12.35527.113 d17.12
MinimumVisualStudioVersion = 10.0.40219.1
Project("{FAE04EC0-301F-11D3-BF4B-00C04F79EFBC}") = "ET-Frontend", "ET-Frontend\ET-Frontend.csproj", "{C4C3B46B-CB08-4816-B835-F157C2C2C321}"
EndProject
Project("{FAE04EC0-301F-11D3-BF4B-00C04F79EFBC}") = "ET-Backend", "ET-Backend\ET-Backend.csproj", "{747B84EE-656D-49D9-805A-4C2251F88148}"
EndProject
Project("{FAE04EC0-301F-11D3-BF4B-00C04F79EFBC}") = "ET-UnitTests", "ET-UnitTests\ET-UnitTests.csproj", "{46832F5E-6568-450D-A372-840BF7F9FEAF}"
EndProject
Global
	GlobalSection(SolutionConfigurationPlatforms) = preSolution
		Debug|Any CPU = Debug|Any CPU
		Release|Any CPU = Release|Any CPU
	EndGlobalSection
	GlobalSection(ProjectConfigurationPlatforms) = postSolution
		{C4C3B46B-CB08-4816-B835-F157C2C2C321}.Debug|Any CPU.ActiveCfg = Debug|Any CPU
		{C4C3B46B-CB08-4816-B835-F157C2C2C321}.Debug|Any CPU.Build.0 = Debug|Any CPU
		{C4C3B46B-CB08-4816-B835-F157C2C2C321}.Release|Any CPU.ActiveCfg = Release|Any CPU
		{C4C3B46B-CB08-4816-B835-F157C2C2C321}.Release|Any CPU.Build.0 = Release|Any CPU
		{747B84EE-656D-49D9-805A-4C2251F88148}.Debug|Any CPU.ActiveCfg = Debug|Any CPU
		{747B84EE-656D-49D9-805A-4C2251F88148}.Debug|Any CPU.Build.0 = Debug|Any CPU
		{747B84EE-656D-49D9-805A-4C2251F88148}.Release|Any CPU.ActiveCfg = Release|Any CPU
		{747B84EE-656D-49D9-805A-4C2251F88148}.Release|Any CPU.Build.0 = Release|Any CPU
		{46832F5E-6568-450D-A372-840BF7F9FEAF}.Debug|Any CPU.ActiveCfg = Debug|Any CPU
		{46832F5E-6568-450D-A372-840BF7F9FEAF}.Debug|Any CPU.Build.0 = Debug|Any CPU
		{46832F5E-6568-450D-A372-840BF7F9FEAF}.Release|Any CPU.ActiveCfg = Release|Any CPU
		{46832F5E-6568-450D-A372-840BF7F9FEAF}.Release|Any CPU.Build.0 = Release|Any CPU
	EndGlobalSection
	GlobalSection(SolutionProperties) = preSolution
		HideSolutionNode = FALSE
	EndGlobalSection
EndGlobal
